{
  "nodes": {
    "cachixpkgs": {
      "locked": {
        "lastModified": 1598464600,
        "narHash": "sha256-idJksP0deTp8bF1IT6ctAURIhVbHx5rRMq4b2inPlm4=",
        "owner": "nixos",
        "repo": "nixpkgs",
        "rev": "feff2fa6659799fe7439038b3eba453d62a16e69",
        "type": "github"
      },
      "original": {
        "owner": "nixos",
        "ref": "nixos-20.03",
        "repo": "nixpkgs",
        "type": "github"
      }
    },
    "flake-utils": {
      "locked": {
        "lastModified": 1598466101,
        "narHash": "sha256-JPhv+Ay98KMWRVRFlLEK9+eLpvNjhTBGWdFKZsE97ck=",
        "owner": "numtide",
        "repo": "flake-utils",
        "rev": "a586a6b966d59f53f45a04f8891fbc017dc09dbe",
        "type": "github"
      },
      "original": {
        "owner": "numtide",
        "repo": "flake-utils",
        "type": "github"
      }
    },
    "master": {
      "locked": {
        "lastModified": 1598510876,
        "narHash": "sha256-OQ+foYgsdd6EjSQf5sRFdjzI2XypwwzUJsXrnxYEBFw=",
        "owner": "nixos",
        "repo": "nixpkgs",
        "rev": "418f1bc30cfa563fbbd68b2cbe23c6d7aa76eeea",
        "type": "github"
      },
      "original": {
        "owner": "nixos",
        "ref": "master",
        "repo": "nixpkgs",
        "type": "github"
      }
    },
    "mozilla": {
      "flake": false,
      "locked": {
        "lastModified": 1598513612,
        "narHash": "sha256-889gpKt7dPdtbSIk6ZqUS+VfsERlFA//ceFoZeij63w=",
        "owner": "cole-h",
        "repo": "nixpkgs-mozilla",
        "rev": "1a90fd49934cea7403bad4f69f5a3943a4f94149",
        "type": "github"
      },
      "original": {
        "owner": "cole-h",
        "repo": "nixpkgs-mozilla",
        "type": "github"
      }
    },
    "nixpkgs": {
      "locked": {
        "lastModified": 1597943282,
        "narHash": "sha256-G/VQBlqO7YeFOSvn29RqdvABZxmQBtiRYVA6kjqWZ6o=",
        "owner": "nixos",
        "repo": "nixpkgs",
        "rev": "c59ea8b8a0e7f927e7291c14ea6cd1bd3a16ff38",
        "type": "github"
      },
      "original": {
        "owner": "nixos",
        "ref": "nixos-unstable",
        "repo": "nixpkgs",
        "type": "github"
      }
    },
    "root": {
      "inputs": {
        "cachixpkgs": "cachixpkgs",
        "flake-utils": "flake-utils",
        "master": "master",
        "mozilla": "mozilla",
        "nixpkgs": "nixpkgs"
      }
    }
  },
  "root": "root",
  "version": 7
}
